
Microsoft Visual Studio Solution File, Format Version 12.00
# Visual Studio Version 17
VisualStudioVersion = 17.0.32014.148
MinimumVisualStudioVersion = 10.0.40219.1
Project("{FAE04EC0-301F-11D3-BF4B-00C04F79EFBC}") = "MultiThreads", "MultiThreads\MultiThreads.csproj", "{B5BCC4DD-12EB-4968-949D-3655D4EAFE26}"
EndProject
Global
	GlobalSection(SolutionConfigurationPlatforms) = preSolution
		Debug|Any CPU = Debug|Any CPU
		Release|Any CPU = Release|Any CPU
	EndGlobalSection
	GlobalSection(ProjectConfigurationPlatforms) = postSolution
		{B5BCC4DD-12EB-4968-949D-3655D4EAFE26}.Debug|Any CPU.ActiveCfg = Debug|Any CPU
		{B5BCC4DD-12EB-4968-949D-3655D4EAFE26}.Debug|Any CPU.Build.0 = Debug|Any CPU
		{B5BCC4DD-12EB-4968-949D-3655D4EAFE26}.Release|Any CPU.ActiveCfg = Release|Any CPU
		{B5BCC4DD-12EB-4968-949D-3655D4EAFE26}.Release|Any CPU.Build.0 = Release|Any CPU
	EndGlobalSection
	GlobalSection(SolutionProperties) = preSolution
		HideSolutionNode = FALSE
	EndGlobalSection
	GlobalSection(ExtensibilityGlobals) = postSolution
		SolutionGuid = {55B7480E-A80D-42A3-8BEC-136E1A802D2B}
	EndGlobalSection
EndGlobal
